// !$*UTF8*$!
{
	archiveVersion = 1;
	classes = {
	};
	objectVersion = 56;
	objects = {

/* Begin PBXBuildFile section */
		866750AC291B026500B5ACB3 /* NetworkManager.swift in Sources */ = {isa = PBXBuildFile; fileRef = 866750AB291B026500B5ACB3 /* NetworkManager.swift */; };
		86CA96B0291929D800B9A424 /* AppDelegate.swift in Sources */ = {isa = PBXBuildFile; fileRef = 86CA96AF291929D800B9A424 /* AppDelegate.swift */; };
		86CA96B2291929D800B9A424 /* SceneDelegate.swift in Sources */ = {isa = PBXBuildFile; fileRef = 86CA96B1291929D800B9A424 /* SceneDelegate.swift */; };
		86CA96B7291929D800B9A424 /* Main.storyboard in Resources */ = {isa = PBXBuildFile; fileRef = 86CA96B5291929D800B9A424 /* Main.storyboard */; };
		86CA96B9291929DE00B9A424 /* Assets.xcassets in Resources */ = {isa = PBXBuildFile; fileRef = 86CA96B8291929DE00B9A424 /* Assets.xcassets */; };
		86CA96BC291929DE00B9A424 /* LaunchScreen.storyboard in Resources */ = {isa = PBXBuildFile; fileRef = 86CA96BA291929DE00B9A424 /* LaunchScreen.storyboard */; };
		86CA96C429192A2300B9A424 /* Character.swift in Sources */ = {isa = PBXBuildFile; fileRef = 86CA96C329192A2300B9A424 /* Character.swift */; };
		86DCF83A2921199D00B2BFA5 /* CharactersViewController.swift in Sources */ = {isa = PBXBuildFile; fileRef = 86DCF8392921199D00B2BFA5 /* CharactersViewController.swift */; };
		86DCF83D2921382A00B2BFA5 /* CharacterCell.swift in Sources */ = {isa = PBXBuildFile; fileRef = 86DCF83C2921382900B2BFA5 /* CharacterCell.swift */; };
		86DCF83F292143CE00B2BFA5 /* BioViewController.swift in Sources */ = {isa = PBXBuildFile; fileRef = 86DCF83E292143CE00B2BFA5 /* BioViewController.swift */; };
		86DCF8452921914900B2BFA5 /* Alamofire in Frameworks */ = {isa = PBXBuildFile; productRef = 86DCF8442921914900B2BFA5 /* Alamofire */; };
/* End PBXBuildFile section */

/* Begin PBXFileReference section */
		866750AB291B026500B5ACB3 /* NetworkManager.swift */ = {isa = PBXFileReference; lastKnownFileType = sourcecode.swift; path = NetworkManager.swift; sourceTree = "<group>"; };
		86CA96AC291929D800B9A424 /* URLSessionTest.app */ = {isa = PBXFileReference; explicitFileType = wrapper.application; includeInIndex = 0; path = URLSessionTest.app; sourceTree = BUILT_PRODUCTS_DIR; };
		86CA96AF291929D800B9A424 /* AppDelegate.swift */ = {isa = PBXFileReference; lastKnownFileType = sourcecode.swift; path = AppDelegate.swift; sourceTree = "<group>"; };
		86CA96B1291929D800B9A424 /* SceneDelegate.swift */ = {isa = PBXFileReference; lastKnownFileType = sourcecode.swift; path = SceneDelegate.swift; sourceTree = "<group>"; };
		86CA96B6291929D800B9A424 /* Base */ = {isa = PBXFileReference; lastKnownFileType = file.storyboard; name = Base; path = Base.lproj/Main.storyboard; sourceTree = "<group>"; };
		86CA96B8291929DE00B9A424 /* Assets.xcassets */ = {isa = PBXFileReference; lastKnownFileType = folder.assetcatalog; path = Assets.xcassets; sourceTree = "<group>"; };
		86CA96BB291929DE00B9A424 /* Base */ = {isa = PBXFileReference; lastKnownFileType = file.storyboard; name = Base; path = Base.lproj/LaunchScreen.storyboard; sourceTree = "<group>"; };
		86CA96BD291929DE00B9A424 /* Info.plist */ = {isa = PBXFileReference; lastKnownFileType = text.plist.xml; path = Info.plist; sourceTree = "<group>"; };
		86CA96C329192A2300B9A424 /* Character.swift */ = {isa = PBXFileReference; lastKnownFileType = sourcecode.swift; path = Character.swift; sourceTree = "<group>"; };
		86DCF8392921199D00B2BFA5 /* CharactersViewController.swift */ = {isa = PBXFileReference; lastKnownFileType = sourcecode.swift; path = CharactersViewController.swift; sourceTree = "<group>"; };
		86DCF83C2921382900B2BFA5 /* CharacterCell.swift */ = {isa = PBXFileReference; lastKnownFileType = sourcecode.swift; path = CharacterCell.swift; sourceTree = "<group>"; };
		86DCF83E292143CE00B2BFA5 /* BioViewController.swift */ = {isa = PBXFileReference; lastKnownFileType = sourcecode.swift; path = BioViewController.swift; sourceTree = "<group>"; };
/* End PBXFileReference section */

/* Begin PBXFrameworksBuildPhase section */
		86CA96A9291929D800B9A424 /* Frameworks */ = {
			isa = PBXFrameworksBuildPhase;
			buildActionMask = 2147483647;
			files = (
				86DCF8452921914900B2BFA5 /* Alamofire in Frameworks */,
			);
			runOnlyForDeploymentPostprocessing = 0;
		};
/* End PBXFrameworksBuildPhase section */

/* Begin PBXGroup section */
		86CA96A3291929D700B9A424 = {
			isa = PBXGroup;
			children = (
				86CA96AE291929D800B9A424 /* URLSessionTest */,
				86CA96AD291929D800B9A424 /* Products */,
			);
			sourceTree = "<group>";
		};
		86CA96AD291929D800B9A424 /* Products */ = {
			isa = PBXGroup;
			children = (
				86CA96AC291929D800B9A424 /* URLSessionTest.app */,
			);
			name = Products;
			sourceTree = "<group>";
		};
		86CA96AE291929D800B9A424 /* URLSessionTest */ = {
			isa = PBXGroup;
			children = (
				86DCF8342921135D00B2BFA5 /* App */,
				86DCF8352921136B00B2BFA5 /* ViewControllers */,
				86DCF83B292137D800B2BFA5 /* Cells */,
				86DCF8362921137800B2BFA5 /* Managers */,
				86DCF837292113AD00B2BFA5 /* Models */,
				86DCF838292113BB00B2BFA5 /* Storyboards */,
				86CA96B8291929DE00B9A424 /* Assets.xcassets */,
			);
			path = URLSessionTest;
			sourceTree = "<group>";
		};
		86DCF8342921135D00B2BFA5 /* App */ = {
			isa = PBXGroup;
			children = (
				86CA96AF291929D800B9A424 /* AppDelegate.swift */,
				86CA96B1291929D800B9A424 /* SceneDelegate.swift */,
				86CA96BD291929DE00B9A424 /* Info.plist */,
			);
			path = App;
			sourceTree = "<group>";
		};
		86DCF8352921136B00B2BFA5 /* ViewControllers */ = {
			isa = PBXGroup;
			children = (
				86DCF8392921199D00B2BFA5 /* CharactersViewController.swift */,
				86DCF83E292143CE00B2BFA5 /* BioViewController.swift */,
			);
			path = ViewControllers;
			sourceTree = "<group>";
		};
		86DCF8362921137800B2BFA5 /* Managers */ = {
			isa = PBXGroup;
			children = (
				866750AB291B026500B5ACB3 /* NetworkManager.swift */,
			);
			path = Managers;
			sourceTree = "<group>";
		};
		86DCF837292113AD00B2BFA5 /* Models */ = {
			isa = PBXGroup;
			children = (
				86CA96C329192A2300B9A424 /* Character.swift */,
			);
			path = Models;
			sourceTree = "<group>";
		};
		86DCF838292113BB00B2BFA5 /* Storyboards */ = {
			isa = PBXGroup;
			children = (
				86CA96B5291929D800B9A424 /* Main.storyboard */,
				86CA96BA291929DE00B9A424 /* LaunchScreen.storyboard */,
			);
			path = Storyboards;
			sourceTree = "<group>";
		};
		86DCF83B292137D800B2BFA5 /* Cells */ = {
			isa = PBXGroup;
			children = (
				86DCF83C2921382900B2BFA5 /* CharacterCell.swift */,
			);
			path = Cells;
			sourceTree = "<group>";
		};
/* End PBXGroup section */

/* Begin PBXNativeTarget section */
		86CA96AB291929D800B9A424 /* URLSessionTest */ = {
			isa = PBXNativeTarget;
			buildConfigurationList = 86CA96C0291929DE00B9A424 /* Build configuration list for PBXNativeTarget "URLSessionTest" */;
			buildPhases = (
				86CA96A8291929D800B9A424 /* Sources */,
				86CA96A9291929D800B9A424 /* Frameworks */,
				86CA96AA291929D800B9A424 /* Resources */,
			);
			buildRules = (
			);
			dependencies = (
			);
			name = URLSessionTest;
			packageProductDependencies = (
				86DCF8442921914900B2BFA5 /* Alamofire */,
			);
			productName = URLSessionTest;
			productReference = 86CA96AC291929D800B9A424 /* URLSessionTest.app */;
			productType = "com.apple.product-type.application";
		};
/* End PBXNativeTarget section */

/* Begin PBXProject section */
		86CA96A4291929D700B9A424 /* Project object */ = {
			isa = PBXProject;
			attributes = {
				BuildIndependentTargetsInParallel = 1;
				LastSwiftUpdateCheck = 1400;
				LastUpgradeCheck = 1400;
				TargetAttributes = {
					86CA96AB291929D800B9A424 = {
						CreatedOnToolsVersion = 14.0.1;
					};
				};
			};
			buildConfigurationList = 86CA96A7291929D700B9A424 /* Build configuration list for PBXProject "URLSessionTest" */;
			compatibilityVersion = "Xcode 14.0";
			developmentRegion = en;
			hasScannedForEncodings = 0;
			knownRegions = (
				en,
				Base,
			);
			mainGroup = 86CA96A3291929D700B9A424;
			packageReferences = (
				86DCF8432921914800B2BFA5 /* XCRemoteSwiftPackageReference "Alamofire" */,
			);
			productRefGroup = 86CA96AD291929D800B9A424 /* Products */;
			projectDirPath = "";
			projectRoot = "";
			targets = (
				86CA96AB291929D800B9A424 /* URLSessionTest */,
			);
		};
/* End PBXProject section */

/* Begin PBXResourcesBuildPhase section */
		86CA96AA291929D800B9A424 /* Resources */ = {
			isa = PBXResourcesBuildPhase;
			buildActionMask = 2147483647;
			files = (
				86CA96BC291929DE00B9A424 /* LaunchScreen.storyboard in Resources */,
				86CA96B9291929DE00B9A424 /* Assets.xcassets in Resources */,
				86CA96B7291929D800B9A424 /* Main.storyboard in Resources */,
			);
			runOnlyForDeploymentPostprocessing = 0;
		};
/* End PBXResourcesBuildPhase section */

/* Begin PBXSourcesBuildPhase section */
		86CA96A8291929D800B9A424 /* Sources */ = {
			isa = PBXSourcesBuildPhase;
			buildActionMask = 2147483647;
			files = (
				86CA96C429192A2300B9A424 /* Character.swift in Sources */,
				86DCF83A2921199D00B2BFA5 /* CharactersViewController.swift in Sources */,
				86DCF83F292143CE00B2BFA5 /* BioViewController.swift in Sources */,
				866750AC291B026500B5ACB3 /* NetworkManager.swift in Sources */,
				86CA96B0291929D800B9A424 /* AppDelegate.swift in Sources */,
				86CA96B2291929D800B9A424 /* SceneDelegate.swift in Sources */,
				86DCF83D2921382A00B2BFA5 /* CharacterCell.swift in Sources */,
			);
			runOnlyForDeploymentPostprocessing = 0;
		};
/* End PBXSourcesBuildPhase section */

/* Begin PBXVariantGroup section */
		86CA96B5291929D800B9A424 /* Main.storyboard */ = {
			isa = PBXVariantGroup;
			children = (
				86CA96B6291929D800B9A424 /* Base */,
			);
			name = Main.storyboard;
			sourceTree = "<group>";
		};
		86CA96BA291929DE00B9A424 /* LaunchScreen.storyboard */ = {
			isa = PBXVariantGroup;
			children = (
				86CA96BB291929DE00B9A424 /* Base */,
			);
			name = LaunchScreen.storyboard;
			sourceTree = "<group>";
		};
/* End PBXVariantGroup section */

/* Begin XCBuildConfiguration section */
		86CA96BE291929DE00B9A424 /* Debug */ = {
			isa = XCBuildConfiguration;
			buildSettings = {
				ALWAYS_SEARCH_USER_PATHS = NO;
				CLANG_ANALYZER_NONNULL = YES;
				CLANG_ANALYZER_NUMBER_OBJECT_CONVERSION = YES_AGGRESSIVE;
				CLANG_CXX_LANGUAGE_STANDARD = "gnu++20";
				CLANG_ENABLE_MODULES = YES;
				CLANG_ENABLE_OBJC_ARC = YES;
				CLANG_ENABLE_OBJC_WEAK = YES;
				CLANG_WARN_BLOCK_CAPTURE_AUTORELEASING = YES;
				CLANG_WARN_BOOL_CONVERSION = YES;
				CLANG_WARN_COMMA = YES;
				CLANG_WARN_CONSTANT_CONVERSION = YES;
				CLANG_WARN_DEPRECATED_OBJC_IMPLEMENTATIONS = YES;
				CLANG_WARN_DIRECT_OBJC_ISA_USAGE = YES_ERROR;
				CLANG_WARN_DOCUMENTATION_COMMENTS = YES;
				CLANG_WARN_EMPTY_BODY = YES;
				CLANG_WARN_ENUM_CONVERSION = YES;
				CLANG_WARN_INFINITE_RECURSION = YES;
				CLANG_WARN_INT_CONVERSION = YES;
				CLANG_WARN_NON_LITERAL_NULL_CONVERSION = YES;
				CLANG_WARN_OBJC_IMPLICIT_RETAIN_SELF = YES;
				CLANG_WARN_OBJC_LITERAL_CONVERSION = YES;
				CLANG_WARN_OBJC_ROOT_CLASS = YES_ERROR;
				CLANG_WARN_QUOTED_INCLUDE_IN_FRAMEWORK_HEADER = YES;
				CLANG_WARN_RANGE_LOOP_ANALYSIS = YES;
				CLANG_WARN_STRICT_PROTOTYPES = YES;
				CLANG_WARN_SUSPICIOUS_MOVE = YES;
				CLANG_WARN_UNGUARDED_AVAILABILITY = YES_AGGRESSIVE;
				CLANG_WARN_UNREACHABLE_CODE = YES;
				CLANG_WARN__DUPLICATE_METHOD_MATCH = YES;
				COPY_PHASE_STRIP = NO;
				DEBUG_INFORMATION_FORMAT = dwarf;
				ENABLE_STRICT_OBJC_MSGSEND = YES;
				ENABLE_TESTABILITY = YES;
				GCC_C_LANGUAGE_STANDARD = gnu11;
				GCC_DYNAMIC_NO_PIC = NO;
				GCC_NO_COMMON_BLOCKS = YES;
				GCC_OPTIMIZATION_LEVEL = 0;
				GCC_PREPROCESSOR_DEFINITIONS = (
					"DEBUG=1",
					"$(inherited)",
				);
				GCC_WARN_64_TO_32_BIT_CONVERSION = YES;
				GCC_WARN_ABOUT_RETURN_TYPE = YES_ERROR;
				GCC_WARN_UNDECLARED_SELECTOR = YES;
				GCC_WARN_UNINITIALIZED_AUTOS = YES_AGGRESSIVE;
				GCC_WARN_UNUSED_FUNCTION = YES;
				GCC_WARN_UNUSED_VARIABLE = YES;
				IPHONEOS_DEPLOYMENT_TARGET = 16.0;
				MTL_ENABLE_DEBUG_INFO = INCLUDE_SOURCE;
				MTL_FAST_MATH = YES;
				ONLY_ACTIVE_ARCH = YES;
				SDKROOT = iphoneos;
				SWIFT_ACTIVE_COMPILATION_CONDITIONS = DEBUG;
				SWIFT_OPTIMIZATION_LEVEL = "-Onone";
			};
			name = Debug;
		};
		86CA96BF291929DE00B9A424 /* Release */ = {
			isa = XCBuildConfiguration;
			buildSettings = {
				ALWAYS_SEARCH_USER_PATHS = NO;
				CLANG_ANALYZER_NONNULL = YES;
				CLANG_ANALYZER_NUMBER_OBJECT_CONVERSION = YES_AGGRESSIVE;
				CLANG_CXX_LANGUAGE_STANDARD = "gnu++20";
				CLANG_ENABLE_MODULES = YES;
				CLANG_ENABLE_OBJC_ARC = YES;
				CLANG_ENABLE_OBJC_WEAK = YES;
				CLANG_WARN_BLOCK_CAPTURE_AUTORELEASING = YES;
				CLANG_WARN_BOOL_CONVERSION = YES;
				CLANG_WARN_COMMA = YES;
				CLANG_WARN_CONSTANT_CONVERSION = YES;
				CLANG_WARN_DEPRECATED_OBJC_IMPLEMENTATIONS = YES;
				CLANG_WARN_DIRECT_OBJC_ISA_USAGE = YES_ERROR;
				CLANG_WARN_DOCUMENTATION_COMMENTS = YES;
				CLANG_WARN_EMPTY_BODY = YES;
				CLANG_WARN_ENUM_CONVERSION = YES;
				CLANG_WARN_INFINITE_RECURSION = YES;
				CLANG_WARN_INT_CONVERSION = YES;
				CLANG_WARN_NON_LITERAL_NULL_CONVERSION = YES;
				CLANG_WARN_OBJC_IMPLICIT_RETAIN_SELF = YES;
				CLANG_WARN_OBJC_LITERAL_CONVERSION = YES;
				CLANG_WARN_OBJC_ROOT_CLASS = YES_ERROR;
				CLANG_WARN_QUOTED_INCLUDE_IN_FRAMEWORK_HEADER = YES;
				CLANG_WARN_RANGE_LOOP_ANALYSIS = YES;
				CLANG_WARN_STRICT_PROTOTYPES = YES;
				CLANG_WARN_SUSPICIOUS_MOVE = YES;
				CLANG_WARN_UNGUARDED_AVAILABILITY = YES_AGGRESSIVE;
				CLANG_WARN_UNREACHABLE_CODE = YES;
				CLANG_WARN__DUPLICATE_METHOD_MATCH = YES;
				COPY_PHASE_STRIP = NO;
				DEBUG_INFORMATION_FORMAT = "dwarf-with-dsym";
				ENABLE_NS_ASSERTIONS = NO;
				ENABLE_STRICT_OBJC_MSGSEND = YES;
				GCC_C_LANGUAGE_STANDARD = gnu11;
				GCC_NO_COMMON_BLOCKS = YES;
				GCC_WARN_64_TO_32_BIT_CONVERSION = YES;
				GCC_WARN_ABOUT_RETURN_TYPE = YES_ERROR;
				GCC_WARN_UNDECLARED_SELECTOR = YES;
				GCC_WARN_UNINITIALIZED_AUTOS = YES_AGGRESSIVE;
				GCC_WARN_UNUSED_FUNCTION = YES;
				GCC_WARN_UNUSED_VARIABLE = YES;
				IPHONEOS_DEPLOYMENT_TARGET = 16.0;
				MTL_ENABLE_DEBUG_INFO = NO;
				MTL_FAST_MATH = YES;
				SDKROOT = iphoneos;
				SWIFT_COMPILATION_MODE = wholemodule;
				SWIFT_OPTIMIZATION_LEVEL = "-O";
				VALIDATE_PRODUCT = YES;
			};
			name = Release;
		};
		86CA96C1291929DE00B9A424 /* Debug */ = {
			isa = XCBuildConfiguration;
			buildSettings = {
				ASSETCATALOG_COMPILER_APPICON_NAME = AppIcon;
				ASSETCATALOG_COMPILER_GLOBAL_ACCENT_COLOR_NAME = AccentColor;
				CODE_SIGN_STYLE = Automatic;
				CURRENT_PROJECT_VERSION = 1;
				DEVELOPMENT_TEAM = 5MY74RC6MY;
				GENERATE_INFOPLIST_FILE = YES;
				INFOPLIST_FILE = URLSessionTest/App/Info.plist;
				INFOPLIST_KEY_UIApplicationSupportsIndirectInputEvents = YES;
				INFOPLIST_KEY_UILaunchStoryboardName = LaunchScreen;
				INFOPLIST_KEY_UIMainStoryboardFile = Main;
				INFOPLIST_KEY_UISupportedInterfaceOrientations_iPad = "UIInterfaceOrientationPortrait UIInterfaceOrientationPortraitUpsideDown UIInterfaceOrientationLandscapeLeft UIInterfaceOrientationLandscapeRight";
				INFOPLIST_KEY_UISupportedInterfaceOrientations_iPhone = "UIInterfaceOrientationPortrait UIInterfaceOrientationLandscapeLeft UIInterfaceOrientationLandscapeRight";
				LD_RUNPATH_SEARCH_PATHS = (
					"$(inherited)",
					"@executable_path/Frameworks",
				);
				MARKETING_VERSION = 1.0;
				PRODUCT_BUNDLE_IDENTIFIER = VS.URLSessionTest;
				PRODUCT_NAME = "$(TARGET_NAME)";
				SUPPORTED_PLATFORMS = "iphoneos iphonesimulator";
				SUPPORTS_MACCATALYST = NO;
				SUPPORTS_MAC_DESIGNED_FOR_IPHONE_IPAD = NO;
				SWIFT_EMIT_LOC_STRINGS = YES;
				SWIFT_VERSION = 5.0;
				TARGETED_DEVICE_FAMILY = 1;
			};
			name = Debug;
		};
		86CA96C2291929DE00B9A424 /* Release */ = {
			isa = XCBuildConfiguration;
			buildSettings = {
				ASSETCATALOG_COMPILER_APPICON_NAME = AppIcon;
				ASSETCATALOG_COMPILER_GLOBAL_ACCENT_COLOR_NAME = AccentColor;
				CODE_SIGN_STYLE = Automatic;
				CURRENT_PROJECT_VERSION = 1;
				DEVELOPMENT_TEAM = 5MY74RC6MY;
				GENERATE_INFOPLIST_FILE = YES;
				INFOPLIST_FILE = URLSessionTest/App/Info.plist;
				INFOPLIST_KEY_UIApplicationSupportsIndirectInputEvents = YES;
				INFOPLIST_KEY_UILaunchStoryboardName = LaunchScreen;
				INFOPLIST_KEY_UIMainStoryboardFile = Main;
				INFOPLIST_KEY_UISupportedInterfaceOrientations_iPad = "UIInterfaceOrientationPortrait UIInterfaceOrientationPortraitUpsideDown UIInterfaceOrientationLandscapeLeft UIInterfaceOrientationLandscapeRight";
				INFOPLIST_KEY_UISupportedInterfaceOrientations_iPhone = "UIInterfaceOrientationPortrait UIInterfaceOrientationLandscapeLeft UIInterfaceOrientationLandscapeRight";
				LD_RUNPATH_SEARCH_PATHS = (
					"$(inherited)",
					"@executable_path/Frameworks",
				);
				MARKETING_VERSION = 1.0;
				PRODUCT_BUNDLE_IDENTIFIER = VS.URLSessionTest;
				PRODUCT_NAME = "$(TARGET_NAME)";
				SUPPORTED_PLATFORMS = "iphoneos iphonesimulator";
				SUPPORTS_MACCATALYST = NO;
				SUPPORTS_MAC_DESIGNED_FOR_IPHONE_IPAD = NO;
				SWIFT_EMIT_LOC_STRINGS = YES;
				SWIFT_VERSION = 5.0;
				TARGETED_DEVICE_FAMILY = 1;
			};
			name = Release;
		};
/* End XCBuildConfiguration section */

/* Begin XCConfigurationList section */
		86CA96A7291929D700B9A424 /* Build configuration list for PBXProject "URLSessionTest" */ = {
			isa = XCConfigurationList;
			buildConfigurations = (
				86CA96BE291929DE00B9A424 /* Debug */,
				86CA96BF291929DE00B9A424 /* Release */,
			);
			defaultConfigurationIsVisible = 0;
			defaultConfigurationName = Release;
		};
		86CA96C0291929DE00B9A424 /* Build configuration list for PBXNativeTarget "URLSessionTest" */ = {
			isa = XCConfigurationList;
			buildConfigurations = (
				86CA96C1291929DE00B9A424 /* Debug */,
				86CA96C2291929DE00B9A424 /* Release */,
			);
			defaultConfigurationIsVisible = 0;
			defaultConfigurationName = Release;
		};
/* End XCConfigurationList section */

/* Begin XCRemoteSwiftPackageReference section */
		86DCF8432921914800B2BFA5 /* XCRemoteSwiftPackageReference "Alamofire" */ = {
			isa = XCRemoteSwiftPackageReference;
			repositoryURL = "https://github.com/Alamofire/Alamofire.git";
			requirement = {
				kind = exactVersion;
				version = 5.0.0;
			};
		};
/* End XCRemoteSwiftPackageReference section */

/* Begin XCSwiftPackageProductDependency section */
		86DCF8442921914900B2BFA5 /* Alamofire */ = {
			isa = XCSwiftPackageProductDependency;
			package = 86DCF8432921914800B2BFA5 /* XCRemoteSwiftPackageReference "Alamofire" */;
			productName = Alamofire;
		};
/* End XCSwiftPackageProductDependency section */
	};
	rootObject = 86CA96A4291929D700B9A424 /* Project object */;
}
